PODS:
  - AFNetworking/NSURLSession (3.2.1):
    - AFNetworking/Reachability
    - AFNetworking/Security
    - AFNetworking/Serialization
  - AFNetworking/Reachability (3.2.1)
  - AFNetworking/Security (3.2.1)
  - AFNetworking/Serialization (3.2.1)
  - BlocksKit (2.2.6):
    - BlocksKit/All (= 2.2.6)
  - BlocksKit/All (2.2.6):
    - BlocksKit/Core
    - BlocksKit/DynamicDelegate
    - BlocksKit/MessageUI
    - BlocksKit/UIKit
  - BlocksKit/Core (2.2.6)
  - BlocksKit/DynamicDelegate (2.2.6)
  - BlocksKit/MessageUI (2.2.6):
    - BlocksKit/Core
    - BlocksKit/DynamicDelegate
  - BlocksKit/UIKit (2.2.6):
    - BlocksKit/Core
    - BlocksKit/DynamicDelegate
  - HPGrowingTextView (1.1)
  - IQKeyboardManager (6.5.6)
  - MBProgressHUD (0.9.2)
  - MJExtension (3.0.17)
  - MJPhotoBrowser (1.0.2):
    - SDWebImage
    - SVProgressHUD
    - YLGIFImage
  - MJRefresh (3.0.8)
  - MyLayout (1.9.8)
  - Reachability (3.2)
  - SDWebImage (3.7.6):
    - SDWebImage/Core (= 3.7.6)
  - SDWebImage/Core (3.7.6)
  - SVProgressHUD (2.2.5)
  - YLGIFImage (0.11)
  - YUChineseSorting (1.0.2)
  - YYKit (1.0.9):
    - YYKit/no-arc (= 1.0.9)
  - YYKit/no-arc (1.0.9)

DEPENDENCIES:
  - AFNetworking/NSURLSession (~> 3.0)
  - AFNetworking/Reachability (~> 3.0)
  - AFNetworking/Security (~> 3.0)
  - AFNetworking/Serialization (~> 3.0)
  - BlocksKit (from `https://github.com/LDXu/BlocksKit.git`, branch `v2.5`)
  - HPGrowingTextView (~> 1.1)
  - IQKeyboardManager
  - MBProgressHUD (~> 0.9.1)
  - MJExtension (~> 3.0.10)
  - MJPhotoBrowser (~> 1.0.2)
  - MJRefresh (~> 3.0.1)
  - MyLayout
  - Reachability (~> 3.2)
  - SDWebImage (~> 3.7.3)
  - YUChineseSorting (~> 1.0.2)
  - YYKit (~> 1.0.9)

SPEC REPOS:
  trunk:
    - AFNetworking
    - HPGrowingTextView
    - IQKeyboardManager
    - MBProgressHUD
    - MJExtension
    - MJPhotoBrowser
    - MJRefresh
    - MyLayout
    - Reachability
    - SDWebImage
    - SVProgressHUD
    - YLGIFImage
    - YUChineseSorting
    - YYKit

EXTERNAL SOURCES:
  BlocksKit:
    :branch: v2.5
    :git: https://github.com/LDXu/BlocksKit.git

CHECKOUT OPTIONS:
  BlocksKit:
    :commit: 88803228322fc50299ee67036485b9e63a2ff82a
    :git: https://github.com/LDXu/BlocksKit.git

SPEC CHECKSUMS:
  AFNetworking: b6f891fdfaed196b46c7a83cf209e09697b94057
  BlocksKit: be379dd86c687e4e19f596fc7e8126ea63498034
  HPGrowingTextView: 88a716d97fb853bcb08a4a08e4727da17efc9b19
  IQKeyboardManager: 2a6e97afdafc7becf0cb17a9a8d795e3a980717f
  MBProgressHUD: 1569cf7ace17a8bac47aabfbb8580a49690386d1
  MJExtension: 74ec83124a68891619fb7ba9c5c811bbf1691076
  MJPhotoBrowser: b98b04d0e3b6a999feb44df68adec413af446809
  MJRefresh: fafde8f18f4afd66b434331a9beb67a6c0264056
  MyLayout: 6ca47dbf27648aa011496094cfe1162217e3c912
  Reachability: 33e18b67625424e47b6cde6d202dce689ad7af96
  SDWebImage: c325cf02c30337336b95beff20a13df489ec0ec9
  SVProgressHUD: 1428aafac632c1f86f62aa4243ec12008d7a51d6
  YLGIFImage: c0ae132fe80e5282b2762a97d14e23ba71a748ae
  YUChineseSorting: 46bbd4fa0344e21b169a537bb17aafec0980c560
  YYKit: 7cda43304a8dc3696c449041e2cb3107b4e236e7

PODFILE CHECKSUM: 72f87fa803c040a0e0e1569d1b596ef2e6e306b2

COCOAPODS: 1.9.1
